
Microsoft Visual Studio Solution File, Format Version 12.00
# Visual Studio Version 17
VisualStudioVersion = 17.3.32811.315
MinimumVisualStudioVersion = 10.0.40219.1
Project("{FAE04EC0-301F-11D3-BF4B-00C04F79EFBC}") = "CarePackage", "CarePackage.csproj", "{C84E1851-A779-4C14-8183-0A0AF95B569C}"
EndProject
Global
	GlobalSection(SolutionConfigurationPlatforms) = preSolution
		Debug|Any CPU = Debug|Any CPU
		Release|Any CPU = Release|Any CPU
	EndGlobalSection
	GlobalSection(ProjectConfigurationPlatforms) = postSolution
		{C84E1851-A779-4C14-8183-0A0AF95B569C}.Debug|Any CPU.ActiveCfg = Debug|Any CPU
		{C84E1851-A779-4C14-8183-0A0AF95B569C}.Debug|Any CPU.Build.0 = Debug|Any CPU
		{C84E1851-A779-4C14-8183-0A0AF95B569C}.Release|Any CPU.ActiveCfg = Release|Any CPU
		{C84E1851-A779-4C14-8183-0A0AF95B569C}.Release|Any CPU.Build.0 = Release|Any CPU
	EndGlobalSection
	GlobalSection(SolutionProperties) = preSolution
		HideSolutionNode = FALSE
	EndGlobalSection
	GlobalSection(ExtensibilityGlobals) = postSolution
		SolutionGuid = {15AE7DE6-0E2C-4B27-80B4-1A4193CE9B52}
	EndGlobalSection
EndGlobal
