
Microsoft Visual Studio Solution File, Format Version 12.00
# Visual Studio 15
VisualStudioVersion = 15.0.27703.2047
MinimumVisualStudioVersion = 10.0.40219.1
Project("{FAE04EC0-301F-11D3-BF4B-00C04F79EFBC}") = "UniversalOrbitMap", "UniversalOrbitMap.csproj", "{934AE9EA-35FF-434B-A1D1-C6F09D03AB13}"
EndProject
Global
	GlobalSection(SolutionConfigurationPlatforms) = preSolution
		Debug|Any CPU = Debug|Any CPU
		Release|Any CPU = Release|Any CPU
	EndGlobalSection
	GlobalSection(ProjectConfigurationPlatforms) = postSolution
		{934AE9EA-35FF-434B-A1D1-C6F09D03AB13}.Debug|Any CPU.ActiveCfg = Debug|Any CPU
		{934AE9EA-35FF-434B-A1D1-C6F09D03AB13}.Debug|Any CPU.Build.0 = Debug|Any CPU
		{934AE9EA-35FF-434B-A1D1-C6F09D03AB13}.Release|Any CPU.ActiveCfg = Release|Any CPU
		{934AE9EA-35FF-434B-A1D1-C6F09D03AB13}.Release|Any CPU.Build.0 = Release|Any CPU
	EndGlobalSection
	GlobalSection(SolutionProperties) = preSolution
		HideSolutionNode = FALSE
	EndGlobalSection
	GlobalSection(ExtensibilityGlobals) = postSolution
		SolutionGuid = {B70B8D74-1AD3-4977-9872-B7D0BCAC31B1}
	EndGlobalSection
EndGlobal
