
Microsoft Visual Studio Solution File, Format Version 12.00
# Visual Studio Version 17
VisualStudioVersion = 17.3.32825.248
MinimumVisualStudioVersion = 10.0.40219.1
Project("{FAE04EC0-301F-11D3-BF4B-00C04F79EFBC}") = "DonutMaze", "DonutMaze.csproj", "{437A7064-CB0E-4C42-9D4C-091A8F413F7F}"
EndProject
Global
	GlobalSection(SolutionConfigurationPlatforms) = preSolution
		Debug|Any CPU = Debug|Any CPU
		Release|Any CPU = Release|Any CPU
	EndGlobalSection
	GlobalSection(ProjectConfigurationPlatforms) = postSolution
		{437A7064-CB0E-4C42-9D4C-091A8F413F7F}.Debug|Any CPU.ActiveCfg = Debug|Any CPU
		{437A7064-CB0E-4C42-9D4C-091A8F413F7F}.Debug|Any CPU.Build.0 = Debug|Any CPU
		{437A7064-CB0E-4C42-9D4C-091A8F413F7F}.Release|Any CPU.ActiveCfg = Release|Any CPU
		{437A7064-CB0E-4C42-9D4C-091A8F413F7F}.Release|Any CPU.Build.0 = Release|Any CPU
	EndGlobalSection
	GlobalSection(SolutionProperties) = preSolution
		HideSolutionNode = FALSE
	EndGlobalSection
	GlobalSection(ExtensibilityGlobals) = postSolution
		SolutionGuid = {F7153F32-96EF-4BEE-BC6E-08E118C258BF}
	EndGlobalSection
EndGlobal
