
Microsoft Visual Studio Solution File, Format Version 12.00
# Visual Studio Version 17
VisualStudioVersion = 17.4.33213.308
MinimumVisualStudioVersion = 10.0.40219.1
Project("{FAE04EC0-301F-11D3-BF4B-00C04F79EFBC}") = "CategorySix", "CategorySix.csproj", "{884A9645-45FD-443C-9970-720F3D93837D}"
EndProject
Global
	GlobalSection(SolutionConfigurationPlatforms) = preSolution
		Debug|Any CPU = Debug|Any CPU
		Release|Any CPU = Release|Any CPU
	EndGlobalSection
	GlobalSection(ProjectConfigurationPlatforms) = postSolution
		{884A9645-45FD-443C-9970-720F3D93837D}.Debug|Any CPU.ActiveCfg = Debug|Any CPU
		{884A9645-45FD-443C-9970-720F3D93837D}.Debug|Any CPU.Build.0 = Debug|Any CPU
		{884A9645-45FD-443C-9970-720F3D93837D}.Release|Any CPU.ActiveCfg = Release|Any CPU
		{884A9645-45FD-443C-9970-720F3D93837D}.Release|Any CPU.Build.0 = Release|Any CPU
	EndGlobalSection
	GlobalSection(SolutionProperties) = preSolution
		HideSolutionNode = FALSE
	EndGlobalSection
	GlobalSection(ExtensibilityGlobals) = postSolution
		SolutionGuid = {80B45832-5078-4479-801E-AB47A544FF04}
	EndGlobalSection
EndGlobal
