
Microsoft Visual Studio Solution File, Format Version 12.00
# Visual Studio Version 16
VisualStudioVersion = 16.0.32106.194
MinimumVisualStudioVersion = 10.0.40219.1
Project("{FAE04EC0-301F-11D3-BF4B-00C04F79EFBC}") = "SpacePolice", "SpacePolice.csproj", "{2C967911-5AFF-4CA1-92C1-36EC2DE0CC06}"
EndProject
Global
	GlobalSection(SolutionConfigurationPlatforms) = preSolution
		Debug|Any CPU = Debug|Any CPU
		Release|Any CPU = Release|Any CPU
	EndGlobalSection
	GlobalSection(ProjectConfigurationPlatforms) = postSolution
		{2C967911-5AFF-4CA1-92C1-36EC2DE0CC06}.Debug|Any CPU.ActiveCfg = Debug|Any CPU
		{2C967911-5AFF-4CA1-92C1-36EC2DE0CC06}.Debug|Any CPU.Build.0 = Debug|Any CPU
		{2C967911-5AFF-4CA1-92C1-36EC2DE0CC06}.Release|Any CPU.ActiveCfg = Release|Any CPU
		{2C967911-5AFF-4CA1-92C1-36EC2DE0CC06}.Release|Any CPU.Build.0 = Release|Any CPU
	EndGlobalSection
	GlobalSection(SolutionProperties) = preSolution
		HideSolutionNode = FALSE
	EndGlobalSection
	GlobalSection(ExtensibilityGlobals) = postSolution
		SolutionGuid = {FFF8BE2A-661A-452A-829A-C744A187C207}
	EndGlobalSection
EndGlobal
